// !$*UTF8*$!
{
	archiveVersion = 1;
	classes = {
	};
	objectVersion = 56;
	objects = {

/* Begin PBXBuildFile section */
		C13CAE022A3467E700401B4E /* FindoLoginTestApp.swift in Sources */ = {isa = PBXBuildFile; fileRef = C13CAE012A3467E700401B4E /* FindoLoginTestApp.swift */; };
		C13CAE042A3467E700401B4E /* ContentView.swift in Sources */ = {isa = PBXBuildFile; fileRef = C13CAE032A3467E700401B4E /* ContentView.swift */; };
		C13CAE062A3467E700401B4E /* Assets.xcassets in Resources */ = {isa = PBXBuildFile; fileRef = C13CAE052A3467E700401B4E /* Assets.xcassets */; };
		C13CAE092A3467E700401B4E /* Preview Assets.xcassets in Resources */ = {isa = PBXBuildFile; fileRef = C13CAE082A3467E700401B4E /* Preview Assets.xcassets */; };
		C13CAE102A34682800401B4E /* welcomeView.swift in Sources */ = {isa = PBXBuildFile; fileRef = C13CAE0F2A34682800401B4E /* welcomeView.swift */; };
		C15AB1FC2A35AF5400AF5AE2 /* CommunityView.swift in Sources */ = {isa = PBXBuildFile; fileRef = C15AB1F32A35AF5300AF5AE2 /* CommunityView.swift */; };
		C15AB1FD2A35AF5400AF5AE2 /* ScrollDetector.swift in Sources */ = {isa = PBXBuildFile; fileRef = C15AB1F42A35AF5300AF5AE2 /* ScrollDetector.swift */; };
		C15AB1FE2A35AF5400AF5AE2 /* Scroll.swift in Sources */ = {isa = PBXBuildFile; fileRef = C15AB1F52A35AF5300AF5AE2 /* Scroll.swift */; };
		C15AB1FF2A35AF5400AF5AE2 /* FindView.swift in Sources */ = {isa = PBXBuildFile; fileRef = C15AB1F62A35AF5300AF5AE2 /* FindView.swift */; };
		C15AB2002A35AF5400AF5AE2 /* MainProfile.swift in Sources */ = {isa = PBXBuildFile; fileRef = C15AB1F72A35AF5300AF5AE2 /* MainProfile.swift */; };
		C15AB2012A35AF5400AF5AE2 /* UserProfile.swift in Sources */ = {isa = PBXBuildFile; fileRef = C15AB1F82A35AF5300AF5AE2 /* UserProfile.swift */; };
		C15AB2022A35AF5400AF5AE2 /* MainTabView.swift in Sources */ = {isa = PBXBuildFile; fileRef = C15AB1F92A35AF5300AF5AE2 /* MainTabView.swift */; };
		C15AB2032A35AF5400AF5AE2 /* FindRowView.swift in Sources */ = {isa = PBXBuildFile; fileRef = C15AB1FA2A35AF5400AF5AE2 /* FindRowView.swift */; };
		C15AB2042A35AF5400AF5AE2 /* Extentions.swift in Sources */ = {isa = PBXBuildFile; fileRef = C15AB1FB2A35AF5400AF5AE2 /* Extentions.swift */; };
		C15AB2062A35C9DD00AF5AE2 /* AppDelegate.swift in Sources */ = {isa = PBXBuildFile; fileRef = C15AB2052A35C9DD00AF5AE2 /* AppDelegate.swift */; };
		C197AD8B2A371AC0005D2F84 /* SetPhotoProfile.swift in Sources */ = {isa = PBXBuildFile; fileRef = C197AD8A2A371AC0005D2F84 /* SetPhotoProfile.swift */; };
		C197AD8D2A371AE6005D2F84 /* ImagePicker.swift in Sources */ = {isa = PBXBuildFile; fileRef = C197AD8C2A371AE6005D2F84 /* ImagePicker.swift */; };
		C197AD8F2A371B0D005D2F84 /* SetProfile.swift in Sources */ = {isa = PBXBuildFile; fileRef = C197AD8E2A371B0D005D2F84 /* SetProfile.swift */; };
		C197AD912A371D01005D2F84 /* FilterView.swift in Sources */ = {isa = PBXBuildFile; fileRef = C197AD902A371D01005D2F84 /* FilterView.swift */; };
		C197AD932A371DD9005D2F84 /* ChangeProfileView.swift in Sources */ = {isa = PBXBuildFile; fileRef = C197AD922A371DD9005D2F84 /* ChangeProfileView.swift */; };
		C197AD952A371FA8005D2F84 /* NewLah.swift in Sources */ = {isa = PBXBuildFile; fileRef = C197AD942A371FA8005D2F84 /* NewLah.swift */; };
		C1B5F4A92A35E4060039836E /* profileSetupView.swift in Sources */ = {isa = PBXBuildFile; fileRef = C1B5F4A82A35E4060039836E /* profileSetupView.swift */; };
		C1B5F4AB2A35F8C90039836E /* hobbyView.swift in Sources */ = {isa = PBXBuildFile; fileRef = C1B5F4AA2A35F8C90039836E /* hobbyView.swift */; };
		C1B5F4AD2A36028B0039836E /* signUpSuccesView.swift in Sources */ = {isa = PBXBuildFile; fileRef = C1B5F4AC2A36028B0039836E /* signUpSuccesView.swift */; };
		C1F3112E2A3482100009F7DB /* SignUpView.swift in Sources */ = {isa = PBXBuildFile; fileRef = C1F3112D2A3482100009F7DB /* SignUpView.swift */; };
/* End PBXBuildFile section */

/* Begin PBXFileReference section */
		C13CADFE2A3467E700401B4E /* FindoLoginTest.app */ = {isa = PBXFileReference; explicitFileType = wrapper.application; includeInIndex = 0; path = FindoLoginTest.app; sourceTree = BUILT_PRODUCTS_DIR; };
		C13CAE012A3467E700401B4E /* FindoLoginTestApp.swift */ = {isa = PBXFileReference; lastKnownFileType = sourcecode.swift; path = FindoLoginTestApp.swift; sourceTree = "<group>"; };
		C13CAE032A3467E700401B4E /* ContentView.swift */ = {isa = PBXFileReference; lastKnownFileType = sourcecode.swift; path = ContentView.swift; sourceTree = "<group>"; };
		C13CAE052A3467E700401B4E /* Assets.xcassets */ = {isa = PBXFileReference; lastKnownFileType = folder.assetcatalog; path = Assets.xcassets; sourceTree = "<group>"; };
		C13CAE082A3467E700401B4E /* Preview Assets.xcassets */ = {isa = PBXFileReference; lastKnownFileType = folder.assetcatalog; path = "Preview Assets.xcassets"; sourceTree = "<group>"; };
		C13CAE0F2A34682800401B4E /* welcomeView.swift */ = {isa = PBXFileReference; lastKnownFileType = sourcecode.swift; path = welcomeView.swift; sourceTree = "<group>"; };
		C13CAE112A3468A700401B4E /* FindoLoginTest.entitlements */ = {isa = PBXFileReference; lastKnownFileType = text.plist.entitlements; path = FindoLoginTest.entitlements; sourceTree = "<group>"; };
		C15AB1F32A35AF5300AF5AE2 /* CommunityView.swift */ = {isa = PBXFileReference; fileEncoding = 4; lastKnownFileType = sourcecode.swift; path = CommunityView.swift; sourceTree = "<group>"; };
		C15AB1F42A35AF5300AF5AE2 /* ScrollDetector.swift */ = {isa = PBXFileReference; fileEncoding = 4; lastKnownFileType = sourcecode.swift; path = ScrollDetector.swift; sourceTree = "<group>"; };
		C15AB1F52A35AF5300AF5AE2 /* Scroll.swift */ = {isa = PBXFileReference; fileEncoding = 4; lastKnownFileType = sourcecode.swift; path = Scroll.swift; sourceTree = "<group>"; };
		C15AB1F62A35AF5300AF5AE2 /* FindView.swift */ = {isa = PBXFileReference; fileEncoding = 4; lastKnownFileType = sourcecode.swift; path = FindView.swift; sourceTree = "<group>"; };
		C15AB1F72A35AF5300AF5AE2 /* MainProfile.swift */ = {isa = PBXFileReference; fileEncoding = 4; lastKnownFileType = sourcecode.swift; path = MainProfile.swift; sourceTree = "<group>"; };
		C15AB1F82A35AF5300AF5AE2 /* UserProfile.swift */ = {isa = PBXFileReference; fileEncoding = 4; lastKnownFileType = sourcecode.swift; path = UserProfile.swift; sourceTree = "<group>"; };
		C15AB1F92A35AF5300AF5AE2 /* MainTabView.swift */ = {isa = PBXFileReference; fileEncoding = 4; lastKnownFileType = sourcecode.swift; path = MainTabView.swift; sourceTree = "<group>"; };
		C15AB1FA2A35AF5400AF5AE2 /* FindRowView.swift */ = {isa = PBXFileReference; fileEncoding = 4; lastKnownFileType = sourcecode.swift; path = FindRowView.swift; sourceTree = "<group>"; };
		C15AB1FB2A35AF5400AF5AE2 /* Extentions.swift */ = {isa = PBXFileReference; fileEncoding = 4; lastKnownFileType = sourcecode.swift; path = Extentions.swift; sourceTree = "<group>"; };
		C15AB2052A35C9DD00AF5AE2 /* AppDelegate.swift */ = {isa = PBXFileReference; lastKnownFileType = sourcecode.swift; path = AppDelegate.swift; sourceTree = "<group>"; };
		C197AD8A2A371AC0005D2F84 /* SetPhotoProfile.swift */ = {isa = PBXFileReference; lastKnownFileType = sourcecode.swift; path = SetPhotoProfile.swift; sourceTree = "<group>"; };
		C197AD8C2A371AE6005D2F84 /* ImagePicker.swift */ = {isa = PBXFileReference; lastKnownFileType = sourcecode.swift; path = ImagePicker.swift; sourceTree = "<group>"; };
		C197AD8E2A371B0D005D2F84 /* SetProfile.swift */ = {isa = PBXFileReference; lastKnownFileType = sourcecode.swift; path = SetProfile.swift; sourceTree = "<group>"; };
		C197AD902A371D01005D2F84 /* FilterView.swift */ = {isa = PBXFileReference; lastKnownFileType = sourcecode.swift; path = FilterView.swift; sourceTree = "<group>"; };
		C197AD922A371DD9005D2F84 /* ChangeProfileView.swift */ = {isa = PBXFileReference; lastKnownFileType = sourcecode.swift; path = ChangeProfileView.swift; sourceTree = "<group>"; };
		C197AD942A371FA8005D2F84 /* NewLah.swift */ = {isa = PBXFileReference; lastKnownFileType = sourcecode.swift; path = NewLah.swift; sourceTree = "<group>"; };
		C1B5F4A82A35E4060039836E /* profileSetupView.swift */ = {isa = PBXFileReference; lastKnownFileType = sourcecode.swift; path = profileSetupView.swift; sourceTree = "<group>"; };
		C1B5F4AA2A35F8C90039836E /* hobbyView.swift */ = {isa = PBXFileReference; lastKnownFileType = sourcecode.swift; path = hobbyView.swift; sourceTree = "<group>"; };
		C1B5F4AC2A36028B0039836E /* signUpSuccesView.swift */ = {isa = PBXFileReference; lastKnownFileType = sourcecode.swift; path = signUpSuccesView.swift; sourceTree = "<group>"; };
		C1F3112D2A3482100009F7DB /* SignUpView.swift */ = {isa = PBXFileReference; lastKnownFileType = sourcecode.swift; path = SignUpView.swift; sourceTree = "<group>"; };
/* End PBXFileReference section */

/* Begin PBXFrameworksBuildPhase section */
		C13CADFB2A3467E700401B4E /* Frameworks */ = {
			isa = PBXFrameworksBuildPhase;
			buildActionMask = 2147483647;
			files = (
			);
			runOnlyForDeploymentPostprocessing = 0;
		};
/* End PBXFrameworksBuildPhase section */

/* Begin PBXGroup section */
		C13CADF52A3467E700401B4E = {
			isa = PBXGroup;
			children = (
				C13CAE002A3467E700401B4E /* FindoLoginTest */,
				C13CADFF2A3467E700401B4E /* Products */,
			);
			sourceTree = "<group>";
		};
		C13CADFF2A3467E700401B4E /* Products */ = {
			isa = PBXGroup;
			children = (
				C13CADFE2A3467E700401B4E /* FindoLoginTest.app */,
			);
			name = Products;
			sourceTree = "<group>";
		};
		C13CAE002A3467E700401B4E /* FindoLoginTest */ = {
			isa = PBXGroup;
			children = (
				C13CAE112A3468A700401B4E /* FindoLoginTest.entitlements */,
				C13CAE012A3467E700401B4E /* FindoLoginTestApp.swift */,
				C13CAE032A3467E700401B4E /* ContentView.swift */,
				C13CAE0F2A34682800401B4E /* welcomeView.swift */,
				C1F3112D2A3482100009F7DB /* SignUpView.swift */,
				C15AB2052A35C9DD00AF5AE2 /* AppDelegate.swift */,
				C1B5F4A82A35E4060039836E /* profileSetupView.swift */,
				C197AD942A371FA8005D2F84 /* NewLah.swift */,
				C1B5F4AA2A35F8C90039836E /* hobbyView.swift */,
				C1B5F4AC2A36028B0039836E /* signUpSuccesView.swift */,
				C13CAE052A3467E700401B4E /* Assets.xcassets */,
				C15AB1F32A35AF5300AF5AE2 /* CommunityView.swift */,
				C197AD8A2A371AC0005D2F84 /* SetPhotoProfile.swift */,
				C197AD8E2A371B0D005D2F84 /* SetProfile.swift */,
				C15AB1FB2A35AF5400AF5AE2 /* Extentions.swift */,
				C197AD8C2A371AE6005D2F84 /* ImagePicker.swift */,
				C15AB1FA2A35AF5400AF5AE2 /* FindRowView.swift */,
				C15AB1F62A35AF5300AF5AE2 /* FindView.swift */,
				C15AB1F72A35AF5300AF5AE2 /* MainProfile.swift */,
				C197AD922A371DD9005D2F84 /* ChangeProfileView.swift */,
				C15AB1F92A35AF5300AF5AE2 /* MainTabView.swift */,
				C197AD902A371D01005D2F84 /* FilterView.swift */,
				C15AB1F52A35AF5300AF5AE2 /* Scroll.swift */,
				C15AB1F42A35AF5300AF5AE2 /* ScrollDetector.swift */,
				C15AB1F82A35AF5300AF5AE2 /* UserProfile.swift */,
				C13CAE072A3467E700401B4E /* Preview Content */,
			);
			path = FindoLoginTest;
			sourceTree = "<group>";
		};
		C13CAE072A3467E700401B4E /* Preview Content */ = {
			isa = PBXGroup;
			children = (
				C13CAE082A3467E700401B4E /* Preview Assets.xcassets */,
			);
			path = "Preview Content";
			sourceTree = "<group>";
		};
/* End PBXGroup section */

/* Begin PBXNativeTarget section */
		C13CADFD2A3467E700401B4E /* FindoLoginTest */ = {
			isa = PBXNativeTarget;
			buildConfigurationList = C13CAE0C2A3467E700401B4E /* Build configuration list for PBXNativeTarget "FindoLoginTest" */;
			buildPhases = (
				C13CADFA2A3467E700401B4E /* Sources */,
				C13CADFB2A3467E700401B4E /* Frameworks */,
				C13CADFC2A3467E700401B4E /* Resources */,
			);
			buildRules = (
			);
			dependencies = (
			);
			name = FindoLoginTest;
			productName = FindoLoginTest;
			productReference = C13CADFE2A3467E700401B4E /* FindoLoginTest.app */;
			productType = "com.apple.product-type.application";
		};
/* End PBXNativeTarget section */

/* Begin PBXProject section */
		C13CADF62A3467E700401B4E /* Project object */ = {
			isa = PBXProject;
			attributes = {
				BuildIndependentTargetsInParallel = 1;
				LastSwiftUpdateCheck = 1430;
				LastUpgradeCheck = 1430;
				TargetAttributes = {
					C13CADFD2A3467E700401B4E = {
						CreatedOnToolsVersion = 14.3;
					};
				};
			};
			buildConfigurationList = C13CADF92A3467E700401B4E /* Build configuration list for PBXProject "FindoLoginTest" */;
			compatibilityVersion = "Xcode 14.0";
			developmentRegion = en;
			hasScannedForEncodings = 0;
			knownRegions = (
				en,
				Base,
			);
			mainGroup = C13CADF52A3467E700401B4E;
			productRefGroup = C13CADFF2A3467E700401B4E /* Products */;
			projectDirPath = "";
			projectRoot = "";
			targets = (
				C13CADFD2A3467E700401B4E /* FindoLoginTest */,
			);
		};
/* End PBXProject section */

/* Begin PBXResourcesBuildPhase section */
		C13CADFC2A3467E700401B4E /* Resources */ = {
			isa = PBXResourcesBuildPhase;
			buildActionMask = 2147483647;
			files = (
				C13CAE092A3467E700401B4E /* Preview Assets.xcassets in Resources */,
				C13CAE062A3467E700401B4E /* Assets.xcassets in Resources */,
			);
			runOnlyForDeploymentPostprocessing = 0;
		};
/* End PBXResourcesBuildPhase section */

/* Begin PBXSourcesBuildPhase section */
		C13CADFA2A3467E700401B4E /* Sources */ = {
			isa = PBXSourcesBuildPhase;
			buildActionMask = 2147483647;
			files = (
				C15AB2032A35AF5400AF5AE2 /* FindRowView.swift in Sources */,
				C197AD8B2A371AC0005D2F84 /* SetPhotoProfile.swift in Sources */,
				C13CAE042A3467E700401B4E /* ContentView.swift in Sources */,
				C13CAE022A3467E700401B4E /* FindoLoginTestApp.swift in Sources */,
				C15AB2012A35AF5400AF5AE2 /* UserProfile.swift in Sources */,
				C15AB2062A35C9DD00AF5AE2 /* AppDelegate.swift in Sources */,
				C1B5F4A92A35E4060039836E /* profileSetupView.swift in Sources */,
				C197AD912A371D01005D2F84 /* FilterView.swift in Sources */,
				C197AD8D2A371AE6005D2F84 /* ImagePicker.swift in Sources */,
				C15AB2002A35AF5400AF5AE2 /* MainProfile.swift in Sources */,
				C15AB1FD2A35AF5400AF5AE2 /* ScrollDetector.swift in Sources */,
				C1B5F4AD2A36028B0039836E /* signUpSuccesView.swift in Sources */,
				C15AB2022A35AF5400AF5AE2 /* MainTabView.swift in Sources */,
				C1B5F4AB2A35F8C90039836E /* hobbyView.swift in Sources */,
				C197AD932A371DD9005D2F84 /* ChangeProfileView.swift in Sources */,
				C1F3112E2A3482100009F7DB /* SignUpView.swift in Sources */,
				C15AB2042A35AF5400AF5AE2 /* Extentions.swift in Sources */,
				C15AB1FE2A35AF5400AF5AE2 /* Scroll.swift in Sources */,
				C197AD8F2A371B0D005D2F84 /* SetProfile.swift in Sources */,
				C197AD952A371FA8005D2F84 /* NewLah.swift in Sources */,
				C15AB1FF2A35AF5400AF5AE2 /* FindView.swift in Sources */,
				C15AB1FC2A35AF5400AF5AE2 /* CommunityView.swift in Sources */,
				C13CAE102A34682800401B4E /* welcomeView.swift in Sources */,
			);
			runOnlyForDeploymentPostprocessing = 0;
		};
/* End PBXSourcesBuildPhase section */

/* Begin XCBuildConfiguration section */
		C13CAE0A2A3467E700401B4E /* Debug */ = {
			isa = XCBuildConfiguration;
			buildSettings = {
				ALWAYS_SEARCH_USER_PATHS = NO;
				CLANG_ANALYZER_NONNULL = YES;
				CLANG_ANALYZER_NUMBER_OBJECT_CONVERSION = YES_AGGRESSIVE;
				CLANG_CXX_LANGUAGE_STANDARD = "gnu++20";
				CLANG_ENABLE_MODULES = YES;
				CLANG_ENABLE_OBJC_ARC = YES;
				CLANG_ENABLE_OBJC_WEAK = YES;
				CLANG_WARN_BLOCK_CAPTURE_AUTORELEASING = YES;
				CLANG_WARN_BOOL_CONVERSION = YES;
				CLANG_WARN_COMMA = YES;
				CLANG_WARN_CONSTANT_CONVERSION = YES;
				CLANG_WARN_DEPRECATED_OBJC_IMPLEMENTATIONS = YES;
				CLANG_WARN_DIRECT_OBJC_ISA_USAGE = YES_ERROR;
				CLANG_WARN_DOCUMENTATION_COMMENTS = YES;
				CLANG_WARN_EMPTY_BODY = YES;
				CLANG_WARN_ENUM_CONVERSION = YES;
				CLANG_WARN_INFINITE_RECURSION = YES;
				CLANG_WARN_INT_CONVERSION = YES;
				CLANG_WARN_NON_LITERAL_NULL_CONVERSION = YES;
				CLANG_WARN_OBJC_IMPLICIT_RETAIN_SELF = YES;
				CLANG_WARN_OBJC_LITERAL_CONVERSION = YES;
				CLANG_WARN_OBJC_ROOT_CLASS = YES_ERROR;
				CLANG_WARN_QUOTED_INCLUDE_IN_FRAMEWORK_HEADER = YES;
				CLANG_WARN_RANGE_LOOP_ANALYSIS = YES;
				CLANG_WARN_STRICT_PROTOTYPES = YES;
				CLANG_WARN_SUSPICIOUS_MOVE = YES;
				CLANG_WARN_UNGUARDED_AVAILABILITY = YES_AGGRESSIVE;
				CLANG_WARN_UNREACHABLE_CODE = YES;
				CLANG_WARN__DUPLICATE_METHOD_MATCH = YES;
				COPY_PHASE_STRIP = NO;
				DEBUG_INFORMATION_FORMAT = dwarf;
				ENABLE_STRICT_OBJC_MSGSEND = YES;
				ENABLE_TESTABILITY = YES;
				GCC_C_LANGUAGE_STANDARD = gnu11;
				GCC_DYNAMIC_NO_PIC = NO;
				GCC_NO_COMMON_BLOCKS = YES;
				GCC_OPTIMIZATION_LEVEL = 0;
				GCC_PREPROCESSOR_DEFINITIONS = (
					"DEBUG=1",
					"$(inherited)",
				);
				GCC_WARN_64_TO_32_BIT_CONVERSION = YES;
				GCC_WARN_ABOUT_RETURN_TYPE = YES_ERROR;
				GCC_WARN_UNDECLARED_SELECTOR = YES;
				GCC_WARN_UNINITIALIZED_AUTOS = YES_AGGRESSIVE;
				GCC_WARN_UNUSED_FUNCTION = YES;
				GCC_WARN_UNUSED_VARIABLE = YES;
				IPHONEOS_DEPLOYMENT_TARGET = 16.4;
				MTL_ENABLE_DEBUG_INFO = INCLUDE_SOURCE;
				MTL_FAST_MATH = YES;
				ONLY_ACTIVE_ARCH = YES;
				SDKROOT = iphoneos;
				SWIFT_ACTIVE_COMPILATION_CONDITIONS = DEBUG;
				SWIFT_OPTIMIZATION_LEVEL = "-Onone";
			};
			name = Debug;
		};
		C13CAE0B2A3467E700401B4E /* Release */ = {
			isa = XCBuildConfiguration;
			buildSettings = {
				ALWAYS_SEARCH_USER_PATHS = NO;
				CLANG_ANALYZER_NONNULL = YES;
				CLANG_ANALYZER_NUMBER_OBJECT_CONVERSION = YES_AGGRESSIVE;
				CLANG_CXX_LANGUAGE_STANDARD = "gnu++20";
				CLANG_ENABLE_MODULES = YES;
				CLANG_ENABLE_OBJC_ARC = YES;
				CLANG_ENABLE_OBJC_WEAK = YES;
				CLANG_WARN_BLOCK_CAPTURE_AUTORELEASING = YES;
				CLANG_WARN_BOOL_CONVERSION = YES;
				CLANG_WARN_COMMA = YES;
				CLANG_WARN_CONSTANT_CONVERSION = YES;
				CLANG_WARN_DEPRECATED_OBJC_IMPLEMENTATIONS = YES;
				CLANG_WARN_DIRECT_OBJC_ISA_USAGE = YES_ERROR;
				CLANG_WARN_DOCUMENTATION_COMMENTS = YES;
				CLANG_WARN_EMPTY_BODY = YES;
				CLANG_WARN_ENUM_CONVERSION = YES;
				CLANG_WARN_INFINITE_RECURSION = YES;
				CLANG_WARN_INT_CONVERSION = YES;
				CLANG_WARN_NON_LITERAL_NULL_CONVERSION = YES;
				CLANG_WARN_OBJC_IMPLICIT_RETAIN_SELF = YES;
				CLANG_WARN_OBJC_LITERAL_CONVERSION = YES;
				CLANG_WARN_OBJC_ROOT_CLASS = YES_ERROR;
				CLANG_WARN_QUOTED_INCLUDE_IN_FRAMEWORK_HEADER = YES;
				CLANG_WARN_RANGE_LOOP_ANALYSIS = YES;
				CLANG_WARN_STRICT_PROTOTYPES = YES;
				CLANG_WARN_SUSPICIOUS_MOVE = YES;
				CLANG_WARN_UNGUARDED_AVAILABILITY = YES_AGGRESSIVE;
				CLANG_WARN_UNREACHABLE_CODE = YES;
				CLANG_WARN__DUPLICATE_METHOD_MATCH = YES;
				COPY_PHASE_STRIP = NO;
				DEBUG_INFORMATION_FORMAT = "dwarf-with-dsym";
				ENABLE_NS_ASSERTIONS = NO;
				ENABLE_STRICT_OBJC_MSGSEND = YES;
				GCC_C_LANGUAGE_STANDARD = gnu11;
				GCC_NO_COMMON_BLOCKS = YES;
				GCC_WARN_64_TO_32_BIT_CONVERSION = YES;
				GCC_WARN_ABOUT_RETURN_TYPE = YES_ERROR;
				GCC_WARN_UNDECLARED_SELECTOR = YES;
				GCC_WARN_UNINITIALIZED_AUTOS = YES_AGGRESSIVE;
				GCC_WARN_UNUSED_FUNCTION = YES;
				GCC_WARN_UNUSED_VARIABLE = YES;
				IPHONEOS_DEPLOYMENT_TARGET = 16.4;
				MTL_ENABLE_DEBUG_INFO = NO;
				MTL_FAST_MATH = YES;
				SDKROOT = iphoneos;
				SWIFT_COMPILATION_MODE = wholemodule;
				SWIFT_OPTIMIZATION_LEVEL = "-O";
				VALIDATE_PRODUCT = YES;
			};
			name = Release;
		};
		C13CAE0D2A3467E700401B4E /* Debug */ = {
			isa = XCBuildConfiguration;
			buildSettings = {
				ASSETCATALOG_COMPILER_APPICON_NAME = AppIcon;
				ASSETCATALOG_COMPILER_GLOBAL_ACCENT_COLOR_NAME = AccentColor;
				CODE_SIGN_ENTITLEMENTS = FindoLoginTest/FindoLoginTest.entitlements;
				CODE_SIGN_IDENTITY = "Apple Development";
				CODE_SIGN_STYLE = Automatic;
				CURRENT_PROJECT_VERSION = 1;
				DEVELOPMENT_ASSET_PATHS = "\"FindoLoginTest/Preview Content\"";
				DEVELOPMENT_TEAM = Y4X528JYSW;
				ENABLE_PREVIEWS = YES;
				GENERATE_INFOPLIST_FILE = YES;
				INFOPLIST_KEY_UIApplicationSceneManifest_Generation = YES;
				INFOPLIST_KEY_UIApplicationSupportsIndirectInputEvents = YES;
				INFOPLIST_KEY_UILaunchScreen_Generation = YES;
				INFOPLIST_KEY_UISupportedInterfaceOrientations_iPad = "UIInterfaceOrientationPortrait UIInterfaceOrientationPortraitUpsideDown UIInterfaceOrientationLandscapeLeft UIInterfaceOrientationLandscapeRight";
				INFOPLIST_KEY_UISupportedInterfaceOrientations_iPhone = "UIInterfaceOrientationPortrait UIInterfaceOrientationLandscapeLeft UIInterfaceOrientationLandscapeRight";
				LD_RUNPATH_SEARCH_PATHS = (
					"$(inherited)",
					"@executable_path/Frameworks",
				);
				MARKETING_VERSION = 1.0;
				PRODUCT_BUNDLE_IDENTIFIER = com.example.MinusTwo.FindoLoginTest;
				PRODUCT_NAME = "$(TARGET_NAME)";
				PROVISIONING_PROFILE_SPECIFIER = "";
				SWIFT_EMIT_LOC_STRINGS = YES;
				SWIFT_VERSION = 5.0;
				TARGETED_DEVICE_FAMILY = "1,2";
			};
			name = Debug;
		};
		C13CAE0E2A3467E700401B4E /* Release */ = {
			isa = XCBuildConfiguration;
			buildSettings = {
				ASSETCATALOG_COMPILER_APPICON_NAME = AppIcon;
				ASSETCATALOG_COMPILER_GLOBAL_ACCENT_COLOR_NAME = AccentColor;
				CODE_SIGN_ENTITLEMENTS = FindoLoginTest/FindoLoginTest.entitlements;
				CODE_SIGN_IDENTITY = "Apple Development";
				CODE_SIGN_STYLE = Automatic;
				CURRENT_PROJECT_VERSION = 1;
				DEVELOPMENT_ASSET_PATHS = "\"FindoLoginTest/Preview Content\"";
				DEVELOPMENT_TEAM = Y4X528JYSW;
				ENABLE_PREVIEWS = YES;
				GENERATE_INFOPLIST_FILE = YES;
				INFOPLIST_KEY_UIApplicationSceneManifest_Generation = YES;
				INFOPLIST_KEY_UIApplicationSupportsIndirectInputEvents = YES;
				INFOPLIST_KEY_UILaunchScreen_Generation = YES;
				INFOPLIST_KEY_UISupportedInterfaceOrientations_iPad = "UIInterfaceOrientationPortrait UIInterfaceOrientationPortraitUpsideDown UIInterfaceOrientationLandscapeLeft UIInterfaceOrientationLandscapeRight";
				INFOPLIST_KEY_UISupportedInterfaceOrientations_iPhone = "UIInterfaceOrientationPortrait UIInterfaceOrientationLandscapeLeft UIInterfaceOrientationLandscapeRight";
				LD_RUNPATH_SEARCH_PATHS = (
					"$(inherited)",
					"@executable_path/Frameworks",
				);
				MARKETING_VERSION = 1.0;
				PRODUCT_BUNDLE_IDENTIFIER = com.example.MinusTwo.FindoLoginTest;
				PRODUCT_NAME = "$(TARGET_NAME)";
				PROVISIONING_PROFILE_SPECIFIER = "";
				SWIFT_EMIT_LOC_STRINGS = YES;
				SWIFT_VERSION = 5.0;
				TARGETED_DEVICE_FAMILY = "1,2";
			};
			name = Release;
		};
/* End XCBuildConfiguration section */

/* Begin XCConfigurationList section */
		C13CADF92A3467E700401B4E /* Build configuration list for PBXProject "FindoLoginTest" */ = {
			isa = XCConfigurationList;
			buildConfigurations = (
				C13CAE0A2A3467E700401B4E /* Debug */,
				C13CAE0B2A3467E700401B4E /* Release */,
			);
			defaultConfigurationIsVisible = 0;
			defaultConfigurationName = Release;
		};
		C13CAE0C2A3467E700401B4E /* Build configuration list for PBXNativeTarget "FindoLoginTest" */ = {
			isa = XCConfigurationList;
			buildConfigurations = (
				C13CAE0D2A3467E700401B4E /* Debug */,
				C13CAE0E2A3467E700401B4E /* Release */,
			);
			defaultConfigurationIsVisible = 0;
			defaultConfigurationName = Release;
		};
/* End XCConfigurationList section */
	};
	rootObject = C13CADF62A3467E700401B4E /* Project object */;
}
